// !$*UTF8*$!
{
	archiveVersion = 1;
	classes = {
	};
	objectVersion = 46;
	objects = {

/* Begin PBXBuildFile section */
		9CBC5FF21DC1787600722171 /* AppDelegate.swift in Sources */ = {isa = PBXBuildFile; fileRef = 9CBC5FF11DC1787600722171 /* AppDelegate.swift */; };
		9CBC5FF41DC1787600722171 /* ViewController.swift in Sources */ = {isa = PBXBuildFile; fileRef = 9CBC5FF31DC1787600722171 /* ViewController.swift */; };
		9CBC5FF71DC1787600722171 /* Main.storyboard in Resources */ = {isa = PBXBuildFile; fileRef = 9CBC5FF51DC1787600722171 /* Main.storyboard */; };
		9CBC5FF91DC1787600722171 /* Assets.xcassets in Resources */ = {isa = PBXBuildFile; fileRef = 9CBC5FF81DC1787600722171 /* Assets.xcassets */; };
		9CBC5FFC1DC1787600722171 /* LaunchScreen.storyboard in Resources */ = {isa = PBXBuildFile; fileRef = 9CBC5FFA1DC1787600722171 /* LaunchScreen.storyboard */; };
/* End PBXBuildFile section */

/* Begin PBXFileReference section */
		9CBC5FEE1DC1787600722171 /* catapushexample.app */ = {isa = PBXFileReference; explicitFileType = wrapper.application; includeInIndex = 0; path = catapushexample.app; sourceTree = BUILT_PRODUCTS_DIR; };
		9CBC5FF11DC1787600722171 /* AppDelegate.swift */ = {isa = PBXFileReference; lastKnownFileType = sourcecode.swift; path = AppDelegate.swift; sourceTree = "<group>"; };
		9CBC5FF31DC1787600722171 /* ViewController.swift */ = {isa = PBXFileReference; lastKnownFileType = sourcecode.swift; path = ViewController.swift; sourceTree = "<group>"; };
		9CBC5FF61DC1787600722171 /* Base */ = {isa = PBXFileReference; lastKnownFileType = file.storyboard; name = Base; path = Base.lproj/Main.storyboard; sourceTree = "<group>"; };
		9CBC5FF81DC1787600722171 /* Assets.xcassets */ = {isa = PBXFileReference; lastKnownFileType = folder.assetcatalog; path = Assets.xcassets; sourceTree = "<group>"; };
		9CBC5FFB1DC1787600722171 /* Base */ = {isa = PBXFileReference; lastKnownFileType = file.storyboard; name = Base; path = Base.lproj/LaunchScreen.storyboard; sourceTree = "<group>"; };
		9CBC5FFD1DC1787600722171 /* Info.plist */ = {isa = PBXFileReference; lastKnownFileType = text.plist.xml; path = Info.plist; sourceTree = "<group>"; };
/* End PBXFileReference section */

/* Begin PBXFrameworksBuildPhase section */
		9CBC5FEB1DC1787600722171 /* Frameworks */ = {
			isa = PBXFrameworksBuildPhase;
			buildActionMask = 2147483647;
			files = (
			);
			runOnlyForDeploymentPostprocessing = 0;
		};
/* End PBXFrameworksBuildPhase section */

/* Begin PBXGroup section */
		9CBC5FE51DC1787600722171 = {
			isa = PBXGroup;
			children = (
				9CBC5FF01DC1787600722171 /* catapushexample */,
				9CBC5FEF1DC1787600722171 /* Products */,
			);
			sourceTree = "<group>";
		};
		9CBC5FEF1DC1787600722171 /* Products */ = {
			isa = PBXGroup;
			children = (
				9CBC5FEE1DC1787600722171 /* catapushexample.app */,
			);
			name = Products;
			sourceTree = "<group>";
		};
		9CBC5FF01DC1787600722171 /* catapushexample */ = {
			isa = PBXGroup;
			children = (
				9CBC5FF11DC1787600722171 /* AppDelegate.swift */,
				9CBC5FF31DC1787600722171 /* ViewController.swift */,
				9CBC5FF51DC1787600722171 /* Main.storyboard */,
				9CBC5FF81DC1787600722171 /* Assets.xcassets */,
				9CBC5FFA1DC1787600722171 /* LaunchScreen.storyboard */,
				9CBC5FFD1DC1787600722171 /* Info.plist */,
			);
			path = catapushexample;
			sourceTree = "<group>";
		};
/* End PBXGroup section */

/* Begin PBXNativeTarget section */
		9CBC5FED1DC1787600722171 /* catapushexample */ = {
			isa = PBXNativeTarget;
			buildConfigurationList = 9CBC60001DC1787600722171 /* Build configuration list for PBXNativeTarget "catapushexample" */;
			buildPhases = (
				9CBC5FEA1DC1787600722171 /* Sources */,
				9CBC5FEB1DC1787600722171 /* Frameworks */,
				9CBC5FEC1DC1787600722171 /* Resources */,
			);
			buildRules = (
			);
			dependencies = (
			);
			name = catapushexample;
			productName = catapushexample;
			productReference = 9CBC5FEE1DC1787600722171 /* catapushexample.app */;
			productType = "com.apple.product-type.application";
		};
/* End PBXNativeTarget section */

/* Begin PBXProject section */
		9CBC5FE61DC1787600722171 /* Project object */ = {
			isa = PBXProject;
			attributes = {
				LastSwiftUpdateCheck = 0810;
				LastUpgradeCheck = 0810;
				ORGANIZATIONNAME = "D2H Srl";
				TargetAttributes = {
					9CBC5FED1DC1787600722171 = {
						CreatedOnToolsVersion = 8.1;
						ProvisioningStyle = Automatic;
					};
				};
			};
			buildConfigurationList = 9CBC5FE91DC1787600722171 /* Build configuration list for PBXProject "catapushexample" */;
			compatibilityVersion = "Xcode 3.2";
			developmentRegion = English;
			hasScannedForEncodings = 0;
			knownRegions = (
				en,
				Base,
			);
			mainGroup = 9CBC5FE51DC1787600722171;
			productRefGroup = 9CBC5FEF1DC1787600722171 /* Products */;
			projectDirPath = "";
			projectRoot = "";
			targets = (
				9CBC5FED1DC1787600722171 /* catapushexample */,
			);
		};
/* End PBXProject section */

/* Begin PBXResourcesBuildPhase section */
		9CBC5FEC1DC1787600722171 /* Resources */ = {
			isa = PBXResourcesBuildPhase;
			buildActionMask = 2147483647;
			files = (
				9CBC5FFC1DC1787600722171 /* LaunchScreen.storyboard in Resources */,
				9CBC5FF91DC1787600722171 /* Assets.xcassets in Resources */,
				9CBC5FF71DC1787600722171 /* Main.storyboard in Resources */,
			);
			runOnlyForDeploymentPostprocessing = 0;
		};
/* End PBXResourcesBuildPhase section */

/* Begin PBXSourcesBuildPhase section */
		9CBC5FEA1DC1787600722171 /* Sources */ = {
			isa = PBXSourcesBuildPhase;
			buildActionMask = 2147483647;
			files = (
				9CBC5FF41DC1787600722171 /* ViewController.swift in Sources */,
				9CBC5FF21DC1787600722171 /* AppDelegate.swift in Sources */,
			);
			runOnlyForDeploymentPostprocessing = 0;
		};
/* End PBXSourcesBuildPhase section */

/* Begin PBXVariantGroup section */
		9CBC5FF51DC1787600722171 /* Main.storyboard */ = {
			isa = PBXVariantGroup;
			children = (
				9CBC5FF61DC1787600722171 /* Base */,
			);
			name = Main.storyboard;
			sourceTree = "<group>";
		};
		9CBC5FFA1DC1787600722171 /* LaunchScreen.storyboard */ = {
			isa = PBXVariantGroup;
			children = (
				9CBC5FFB1DC1787600722171 /* Base */,
			);
			name = LaunchScreen.storyboard;
			sourceTree = "<group>";
		};
/* End PBXVariantGroup section */

/* Begin XCBuildConfiguration section */
		9CBC5FFE1DC1787600722171 /* Debug */ = {
			isa = XCBuildConfiguration;
			buildSettings = {
				ALWAYS_SEARCH_USER_PATHS = NO;
				CLANG_ANALYZER_NONNULL = YES;
				CLANG_CXX_LANGUAGE_STANDARD = "gnu++0x";
				CLANG_CXX_LIBRARY = "libc++";
				CLANG_ENABLE_MODULES = YES;
				CLANG_ENABLE_OBJC_ARC = YES;
				CLANG_WARN_BOOL_CONVERSION = YES;
				CLANG_WARN_CONSTANT_CONVERSION = YES;
				CLANG_WARN_DIRECT_OBJC_ISA_USAGE = YES_ERROR;
				CLANG_WARN_DOCUMENTATION_COMMENTS = YES;
				CLANG_WARN_EMPTY_BODY = YES;
				CLANG_WARN_ENUM_CONVERSION = YES;
				CLANG_WARN_INFINITE_RECURSION = YES;
				CLANG_WARN_INT_CONVERSION = YES;
				CLANG_WARN_OBJC_ROOT_CLASS = YES_ERROR;
				CLANG_WARN_SUSPICIOUS_MOVES = YES;
				CLANG_WARN_UNREACHABLE_CODE = YES;
				CLANG_WARN__DUPLICATE_METHOD_MATCH = YES;
				"CODE_SIGN_IDENTITY[sdk=iphoneos*]" = "iPhone Developer";
				COPY_PHASE_STRIP = NO;
				DEBUG_INFORMATION_FORMAT = dwarf;
				ENABLE_STRICT_OBJC_MSGSEND = YES;
				ENABLE_TESTABILITY = YES;
				GCC_C_LANGUAGE_STANDARD = gnu99;
				GCC_DYNAMIC_NO_PIC = NO;
				GCC_NO_COMMON_BLOCKS = YES;
				GCC_OPTIMIZATION_LEVEL = 0;
				GCC_PREPROCESSOR_DEFINITIONS = (
					"DEBUG=1",
					"$(inherited)",
				);
				GCC_WARN_64_TO_32_BIT_CONVERSION = YES;
				GCC_WARN_ABOUT_RETURN_TYPE = YES_ERROR;
				GCC_WARN_UNDECLARED_SELECTOR = YES;
				GCC_WARN_UNINITIALIZED_AUTOS = YES_AGGRESSIVE;
				GCC_WARN_UNUSED_FUNCTION = YES;
				GCC_WARN_UNUSED_VARIABLE = YES;
				IPHONEOS_DEPLOYMENT_TARGET = 10.1;
				MTL_ENABLE_DEBUG_INFO = YES;
				ONLY_ACTIVE_ARCH = YES;
				SDKROOT = iphoneos;
				SWIFT_ACTIVE_COMPILATION_CONDITIONS = DEBUG;
				SWIFT_OPTIMIZATION_LEVEL = "-Onone";
				TARGETED_DEVICE_FAMILY = "1,2";
			};
			name = Debug;
		};
		9CBC5FFF1DC1787600722171 /* Release */ = {
			isa = XCBuildConfiguration;
			buildSettings = {
				ALWAYS_SEARCH_USER_PATHS = NO;
				CLANG_ANALYZER_NONNULL = YES;
				CLANG_CXX_LANGUAGE_STANDARD = "gnu++0x";
				CLANG_CXX_LIBRARY = "libc++";
				CLANG_ENABLE_MODULES = YES;
				CLANG_ENABLE_OBJC_ARC = YES;
				CLANG_WARN_BOOL_CONVERSION = YES;
				CLANG_WARN_CONSTANT_CONVERSION = YES;
				CLANG_WARN_DIRECT_OBJC_ISA_USAGE = YES_ERROR;
				CLANG_WARN_DOCUMENTATION_COMMENTS = YES;
				CLANG_WARN_EMPTY_BODY = YES;
				CLANG_WARN_ENUM_CONVERSION = YES;
				CLANG_WARN_INFINITE_RECURSION = YES;
				CLANG_WARN_INT_CONVERSION = YES;
				CLANG_WARN_OBJC_ROOT_CLASS = YES_ERROR;
				CLANG_WARN_SUSPICIOUS_MOVES = YES;
				CLANG_WARN_UNREACHABLE_CODE = YES;
				CLANG_WARN__DUPLICATE_METHOD_MATCH = YES;
				"CODE_SIGN_IDENTITY[sdk=iphoneos*]" = "iPhone Developer";
				COPY_PHASE_STRIP = NO;
				DEBUG_INFORMATION_FORMAT = "dwarf-with-dsym";
				ENABLE_NS_ASSERTIONS = NO;
				ENABLE_STRICT_OBJC_MSGSEND = YES;
				GCC_C_LANGUAGE_STANDARD = gnu99;
				GCC_NO_COMMON_BLOCKS = YES;
				GCC_WARN_64_TO_32_BIT_CONVERSION = YES;
				GCC_WARN_ABOUT_RETURN_TYPE = YES_ERROR;
				GCC_WARN_UNDECLARED_SELECTOR = YES;
				GCC_WARN_UNINITIALIZED_AUTOS = YES_AGGRESSIVE;
				GCC_WARN_UNUSED_FUNCTION = YES;
				GCC_WARN_UNUSED_VARIABLE = YES;
				IPHONEOS_DEPLOYMENT_TARGET = 10.1;
				MTL_ENABLE_DEBUG_INFO = NO;
				SDKROOT = iphoneos;
				SWIFT_OPTIMIZATION_LEVEL = "-Owholemodule";
				TARGETED_DEVICE_FAMILY = "1,2";
				VALIDATE_PRODUCT = YES;
			};
			name = Release;
		};
		9CBC60011DC1787600722171 /* Debug */ = {
			isa = XCBuildConfiguration;
			buildSettings = {
				ASSETCATALOG_COMPILER_APPICON_NAME = AppIcon;
				INFOPLIST_FILE = catapushexample/Info.plist;
				LD_RUNPATH_SEARCH_PATHS = "$(inherited) @executable_path/Frameworks";
				PRODUCT_BUNDLE_IDENTIFIER = com.d2h.catapushexample;
				PRODUCT_NAME = "$(TARGET_NAME)";
				SWIFT_VERSION = 3.0;
			};
			name = Debug;
		};
		9CBC60021DC1787600722171 /* Release */ = {
			isa = XCBuildConfiguration;
			buildSettings = {
				ASSETCATALOG_COMPILER_APPICON_NAME = AppIcon;
				INFOPLIST_FILE = catapushexample/Info.plist;
				LD_RUNPATH_SEARCH_PATHS = "$(inherited) @executable_path/Frameworks";
				PRODUCT_BUNDLE_IDENTIFIER = com.d2h.catapushexample;
				PRODUCT_NAME = "$(TARGET_NAME)";
				SWIFT_VERSION = 3.0;
			};
			name = Release;
		};
/* End XCBuildConfiguration section */

/* Begin XCConfigurationList section */
		9CBC5FE91DC1787600722171 /* Build configuration list for PBXProject "catapushexample" */ = {
			isa = XCConfigurationList;
			buildConfigurations = (
				9CBC5FFE1DC1787600722171 /* Debug */,
				9CBC5FFF1DC1787600722171 /* Release */,
			);
			defaultConfigurationIsVisible = 0;
			defaultConfigurationName = Release;
		};
		9CBC60001DC1787600722171 /* Build configuration list for PBXNativeTarget "catapushexample" */ = {
			isa = XCConfigurationList;
			buildConfigurations = (
				9CBC60011DC1787600722171 /* Debug */,
				9CBC60021DC1787600722171 /* Release */,
			);
			defaultConfigurationIsVisible = 0;
		};
/* End XCConfigurationList section */
	};
	rootObject = 9CBC5FE61DC1787600722171 /* Project object */;
}
